
Microsoft Visual Studio Solution File, Format Version 12.00
# Visual Studio Version 17
VisualStudioVersion = 17.6.33815.320
MinimumVisualStudioVersion = 10.0.40219.1
Project("{FAE04EC0-301F-11D3-BF4B-00C04F79EFBC}") = "Lab07_ejercicio04", "Lab07_ejercicio04.csproj", "{76A1CCBF-EFB9-4BFB-857F-80E6B7EB6E46}"
EndProject
Global
	GlobalSection(SolutionConfigurationPlatforms) = preSolution
		Debug|Any CPU = Debug|Any CPU
		Release|Any CPU = Release|Any CPU
	EndGlobalSection
	GlobalSection(ProjectConfigurationPlatforms) = postSolution
		{76A1CCBF-EFB9-4BFB-857F-80E6B7EB6E46}.Debug|Any CPU.ActiveCfg = Debug|Any CPU
		{76A1CCBF-EFB9-4BFB-857F-80E6B7EB6E46}.Debug|Any CPU.Build.0 = Debug|Any CPU
		{76A1CCBF-EFB9-4BFB-857F-80E6B7EB6E46}.Release|Any CPU.ActiveCfg = Release|Any CPU
		{76A1CCBF-EFB9-4BFB-857F-80E6B7EB6E46}.Release|Any CPU.Build.0 = Release|Any CPU
	EndGlobalSection
	GlobalSection(SolutionProperties) = preSolution
		HideSolutionNode = FALSE
	EndGlobalSection
	GlobalSection(ExtensibilityGlobals) = postSolution
		SolutionGuid = {394B55E2-DFF3-4969-91E5-E7FC5F28B7C0}
	EndGlobalSection
EndGlobal
